
Microsoft Visual Studio Solution File, Format Version 12.00
# Visual Studio Version 17
VisualStudioVersion = 17.5.33424.131
MinimumVisualStudioVersion = 10.0.40219.1
Project("{9A19103F-16F7-4668-BE54-9A1E7A4F7556}") = "sunum2.Web", "sunum2.Web\sunum2.Web.csproj", "{46A465B0-0C2D-402B-A410-8AE1F5980552}"
EndProject
Project("{FAE04EC0-301F-11D3-BF4B-00C04F79EFBC}") = "sunum2.API", "sunum2.API\sunum2.API.csproj", "{4C4C90FA-CCB8-461B-92D7-4963DC529FB2}"
EndProject
Global
	GlobalSection(SolutionConfigurationPlatforms) = preSolution
		Debug|Any CPU = Debug|Any CPU
		Release|Any CPU = Release|Any CPU
	EndGlobalSection
	GlobalSection(ProjectConfigurationPlatforms) = postSolution
		{46A465B0-0C2D-402B-A410-8AE1F5980552}.Debug|Any CPU.ActiveCfg = Debug|Any CPU
		{46A465B0-0C2D-402B-A410-8AE1F5980552}.Debug|Any CPU.Build.0 = Debug|Any CPU
		{46A465B0-0C2D-402B-A410-8AE1F5980552}.Release|Any CPU.ActiveCfg = Release|Any CPU
		{46A465B0-0C2D-402B-A410-8AE1F5980552}.Release|Any CPU.Build.0 = Release|Any CPU
		{4C4C90FA-CCB8-461B-92D7-4963DC529FB2}.Debug|Any CPU.ActiveCfg = Debug|Any CPU
		{4C4C90FA-CCB8-461B-92D7-4963DC529FB2}.Debug|Any CPU.Build.0 = Debug|Any CPU
		{4C4C90FA-CCB8-461B-92D7-4963DC529FB2}.Release|Any CPU.ActiveCfg = Release|Any CPU
		{4C4C90FA-CCB8-461B-92D7-4963DC529FB2}.Release|Any CPU.Build.0 = Release|Any CPU
	EndGlobalSection
	GlobalSection(SolutionProperties) = preSolution
		HideSolutionNode = FALSE
	EndGlobalSection
	GlobalSection(ExtensibilityGlobals) = postSolution
		SolutionGuid = {C17DD53E-7699-4445-80EB-78AD3F5AA687}
	EndGlobalSection
EndGlobal
